PODS:
  - FlutterMacOS (1.0.0)
  - jni (0.0.1):
    - FlutterMacOS

DEPENDENCIES:
  - FlutterMacOS (from `Flutter/ephemeral`)
  - jni (from `Flutter/ephemeral/.symlinks/plugins/jni/macos`)

EXTERNAL SOURCES:
  FlutterMacOS:
    :path: Flutter/ephemeral
  jni:
    :path: Flutter/ephemeral/.symlinks/plugins/jni/macos

SPEC CHECKSUMS:
  FlutterMacOS: 8f6f14fa908a6fb3fba0cd85dbd81ec4b251fb24
  jni: d08848714503eb300e23d543183127c08ac62572

PODFILE CHECKSUM: 353c8bcc5d5b0994e508d035b5431cfe18c1dea7

COCOAPODS: 1.15.2
